Microsoft Visual Studio Solution File, Format Version 12.00
# Visual Studio Version 17
VisualStudioVersion = 17.5.2.0
MinimumVisualStudioVersion = 10.0.40219.1
Project("{FAE04EC0-301F-11D3-BF4B-00C04F79EFBC}") = "COCOBOLOERPNEW", "COCOBOLOERPNEW.csproj", "{4764D0A7-0E72-676B-4D8C-C58DC2BDF32A}"
EndProject
Global
	GlobalSection(SolutionConfigurationPlatforms) = preSolution
		Debug|Any CPU = Debug|Any CPU
		Release|Any CPU = Release|Any CPU
	EndGlobalSection
	GlobalSection(ProjectConfigurationPlatforms) = postSolution
		{4764D0A7-0E72-676B-4D8C-C58DC2BDF32A}.Debug|Any CPU.ActiveCfg = Debug|Any CPU
		{4764D0A7-0E72-676B-4D8C-C58DC2BDF32A}.Debug|Any CPU.Build.0 = Debug|Any CPU
		{4764D0A7-0E72-676B-4D8C-C58DC2BDF32A}.Release|Any CPU.ActiveCfg = Release|Any CPU
		{4764D0A7-0E72-676B-4D8C-C58DC2BDF32A}.Release|Any CPU.Build.0 = Release|Any CPU
	EndGlobalSection
	GlobalSection(SolutionProperties) = preSolution
		HideSolutionNode = FALSE
	EndGlobalSection
	GlobalSection(ExtensibilityGlobals) = postSolution
		SolutionGuid = {3592A32A-0CE4-4699-86A0-B0E1D406B936}
	EndGlobalSection
EndGlobal
